
Microsoft Visual Studio Solution File, Format Version 12.00
# Visual Studio Version 17
VisualStudioVersion = 17.8.34316.72
MinimumVisualStudioVersion = 10.0.40219.1
Project("{2150E333-8FDC-42A3-9474-1A3956D46DE8}") = "Core", "Core", "{06AEC27F-2306-4BE6-ACB8-B3717668A9E7}"
EndProject
Project("{2150E333-8FDC-42A3-9474-1A3956D46DE8}") = "Infrastructure", "Infrastructure", "{862C9587-2627-485F-B396-43C91403A359}"
EndProject
Project("{2150E333-8FDC-42A3-9474-1A3956D46DE8}") = "Presentation", "Presentation", "{F3284EB0-0C9F-4590-A2F3-4C99C71D013B}"
EndProject
Project("{2150E333-8FDC-42A3-9474-1A3956D46DE8}") = "Shared", "Shared", "{7A1C6044-4197-4E13-946C-25B500577DA2}"
EndProject
Project("{9A19103F-16F7-4668-BE54-9A1E7A4F7556}") = "Domain", "Domain\Domain.csproj", "{76E6559A-FE27-4C3C-B862-44EE2A0B3A3F}"
EndProject
Project("{9A19103F-16F7-4668-BE54-9A1E7A4F7556}") = "Application", "Application\Application.csproj", "{321C918E-CD42-4DA0-851D-61FA2B92FFA5}"
EndProject
Project("{9A19103F-16F7-4668-BE54-9A1E7A4F7556}") = "Infrastructure", "Infrastructure\Infrastructure.csproj", "{6F7C241E-89A7-4326-8EE9-EA73D5197543}"
EndProject
Project("{9A19103F-16F7-4668-BE54-9A1E7A4F7556}") = "Persistence", "Persistence\Persistence.csproj", "{5044EF63-9F9E-4256-B12C-77916E236687}"
EndProject
Project("{9A19103F-16F7-4668-BE54-9A1E7A4F7556}") = "Shared", "Shared\Shared.csproj", "{B8148479-6803-4657-AEB7-01A1C0A1FE34}"
EndProject
Project("{2150E333-8FDC-42A3-9474-1A3956D46DE8}") = "API", "API", "{9011A150-ED60-4B41-B986-974E412F1103}"
EndProject
Project("{2150E333-8FDC-42A3-9474-1A3956D46DE8}") = "WebUI", "WebUI", "{E394AB02-1A3B-459A-AA00-CD600149D3B6}"
EndProject
Project("{9A19103F-16F7-4668-BE54-9A1E7A4F7556}") = "WebAPI", "WebAPI\WebAPI.csproj", "{DD228FAB-F9AA-41B9-A7CD-E836166E7A7C}"
EndProject
Global
	GlobalSection(SolutionConfigurationPlatforms) = preSolution
		Debug|Any CPU = Debug|Any CPU
		Release|Any CPU = Release|Any CPU
	EndGlobalSection
	GlobalSection(ProjectConfigurationPlatforms) = postSolution
		{76E6559A-FE27-4C3C-B862-44EE2A0B3A3F}.Debug|Any CPU.ActiveCfg = Debug|Any CPU
		{76E6559A-FE27-4C3C-B862-44EE2A0B3A3F}.Debug|Any CPU.Build.0 = Debug|Any CPU
		{76E6559A-FE27-4C3C-B862-44EE2A0B3A3F}.Release|Any CPU.ActiveCfg = Release|Any CPU
		{76E6559A-FE27-4C3C-B862-44EE2A0B3A3F}.Release|Any CPU.Build.0 = Release|Any CPU
		{321C918E-CD42-4DA0-851D-61FA2B92FFA5}.Debug|Any CPU.ActiveCfg = Debug|Any CPU
		{321C918E-CD42-4DA0-851D-61FA2B92FFA5}.Debug|Any CPU.Build.0 = Debug|Any CPU
		{321C918E-CD42-4DA0-851D-61FA2B92FFA5}.Release|Any CPU.ActiveCfg = Release|Any CPU
		{321C918E-CD42-4DA0-851D-61FA2B92FFA5}.Release|Any CPU.Build.0 = Release|Any CPU
		{6F7C241E-89A7-4326-8EE9-EA73D5197543}.Debug|Any CPU.ActiveCfg = Debug|Any CPU
		{6F7C241E-89A7-4326-8EE9-EA73D5197543}.Debug|Any CPU.Build.0 = Debug|Any CPU
		{6F7C241E-89A7-4326-8EE9-EA73D5197543}.Release|Any CPU.ActiveCfg = Release|Any CPU
		{6F7C241E-89A7-4326-8EE9-EA73D5197543}.Release|Any CPU.Build.0 = Release|Any CPU
		{5044EF63-9F9E-4256-B12C-77916E236687}.Debug|Any CPU.ActiveCfg = Debug|Any CPU
		{5044EF63-9F9E-4256-B12C-77916E236687}.Debug|Any CPU.Build.0 = Debug|Any CPU
		{5044EF63-9F9E-4256-B12C-77916E236687}.Release|Any CPU.ActiveCfg = Release|Any CPU
		{5044EF63-9F9E-4256-B12C-77916E236687}.Release|Any CPU.Build.0 = Release|Any CPU
		{B8148479-6803-4657-AEB7-01A1C0A1FE34}.Debug|Any CPU.ActiveCfg = Debug|Any CPU
		{B8148479-6803-4657-AEB7-01A1C0A1FE34}.Debug|Any CPU.Build.0 = Debug|Any CPU
		{B8148479-6803-4657-AEB7-01A1C0A1FE34}.Release|Any CPU.ActiveCfg = Release|Any CPU
		{B8148479-6803-4657-AEB7-01A1C0A1FE34}.Release|Any CPU.Build.0 = Release|Any CPU
		{DD228FAB-F9AA-41B9-A7CD-E836166E7A7C}.Debug|Any CPU.ActiveCfg = Debug|Any CPU
		{DD228FAB-F9AA-41B9-A7CD-E836166E7A7C}.Debug|Any CPU.Build.0 = Debug|Any CPU
		{DD228FAB-F9AA-41B9-A7CD-E836166E7A7C}.Release|Any CPU.ActiveCfg = Release|Any CPU
		{DD228FAB-F9AA-41B9-A7CD-E836166E7A7C}.Release|Any CPU.Build.0 = Release|Any CPU
	EndGlobalSection
	GlobalSection(SolutionProperties) = preSolution
		HideSolutionNode = FALSE
	EndGlobalSection
	GlobalSection(NestedProjects) = preSolution
		{76E6559A-FE27-4C3C-B862-44EE2A0B3A3F} = {06AEC27F-2306-4BE6-ACB8-B3717668A9E7}
		{321C918E-CD42-4DA0-851D-61FA2B92FFA5} = {06AEC27F-2306-4BE6-ACB8-B3717668A9E7}
		{6F7C241E-89A7-4326-8EE9-EA73D5197543} = {862C9587-2627-485F-B396-43C91403A359}
		{5044EF63-9F9E-4256-B12C-77916E236687} = {862C9587-2627-485F-B396-43C91403A359}
		{B8148479-6803-4657-AEB7-01A1C0A1FE34} = {7A1C6044-4197-4E13-946C-25B500577DA2}
		{9011A150-ED60-4B41-B986-974E412F1103} = {F3284EB0-0C9F-4590-A2F3-4C99C71D013B}
		{E394AB02-1A3B-459A-AA00-CD600149D3B6} = {F3284EB0-0C9F-4590-A2F3-4C99C71D013B}
		{DD228FAB-F9AA-41B9-A7CD-E836166E7A7C} = {9011A150-ED60-4B41-B986-974E412F1103}
	EndGlobalSection
	GlobalSection(ExtensibilityGlobals) = postSolution
		SolutionGuid = {32276C11-B245-4BD9-9EE2-E0343DA36F84}
	EndGlobalSection
EndGlobal
